
Microsoft Visual Studio Solution File, Format Version 12.00
# Visual Studio Version 17
VisualStudioVersion = 17.9.34714.143
MinimumVisualStudioVersion = 10.0.40219.1
Project("{FAE04EC0-301F-11D3-BF4B-00C04F79EFBC}") = "Aprendendo Programação", "Aprendendo Programação\Aprendendo Programação.csproj", "{120299D0-9DA4-4F67-AB5B-C60AE6151B94}"
EndProject
Global
	GlobalSection(SolutionConfigurationPlatforms) = preSolution
		Debug|Any CPU = Debug|Any CPU
		Release|Any CPU = Release|Any CPU
	EndGlobalSection
	GlobalSection(ProjectConfigurationPlatforms) = postSolution
		{120299D0-9DA4-4F67-AB5B-C60AE6151B94}.Debug|Any CPU.ActiveCfg = Debug|Any CPU
		{120299D0-9DA4-4F67-AB5B-C60AE6151B94}.Debug|Any CPU.Build.0 = Debug|Any CPU
		{120299D0-9DA4-4F67-AB5B-C60AE6151B94}.Release|Any CPU.ActiveCfg = Release|Any CPU
		{120299D0-9DA4-4F67-AB5B-C60AE6151B94}.Release|Any CPU.Build.0 = Release|Any CPU
	EndGlobalSection
	GlobalSection(SolutionProperties) = preSolution
		HideSolutionNode = FALSE
	EndGlobalSection
	GlobalSection(ExtensibilityGlobals) = postSolution
		SolutionGuid = {7B1BADFD-2137-40B0-BAB5-AA4D46C9221A}
	EndGlobalSection
EndGlobal
